
Microsoft Visual Studio Solution File, Format Version 12.00
# Visual Studio Version 17
VisualStudioVersion = 17.5.002.0
MinimumVisualStudioVersion = 10.0.40219.1
Project("{9A19103F-16F7-4668-BE54-9A1E7A4F7556}") = "CQRS.API", "CQRS.API.csproj", "{7DCFD2EC-7AA9-436D-98D4-4AB4FD20B86E}"
EndProject
Global
	GlobalSection(SolutionConfigurationPlatforms) = preSolution
		Debug|Any CPU = Debug|Any CPU
		Release|Any CPU = Release|Any CPU
	EndGlobalSection
	GlobalSection(ProjectConfigurationPlatforms) = postSolution
		{7DCFD2EC-7AA9-436D-98D4-4AB4FD20B86E}.Debug|Any CPU.ActiveCfg = Debug|Any CPU
		{7DCFD2EC-7AA9-436D-98D4-4AB4FD20B86E}.Debug|Any CPU.Build.0 = Debug|Any CPU
		{7DCFD2EC-7AA9-436D-98D4-4AB4FD20B86E}.Release|Any CPU.ActiveCfg = Release|Any CPU
		{7DCFD2EC-7AA9-436D-98D4-4AB4FD20B86E}.Release|Any CPU.Build.0 = Release|Any CPU
	EndGlobalSection
	GlobalSection(SolutionProperties) = preSolution
		HideSolutionNode = FALSE
	EndGlobalSection
	GlobalSection(ExtensibilityGlobals) = postSolution
		SolutionGuid = {D54BF01D-64D9-475C-944A-B0B8439AE7DC}
	EndGlobalSection
EndGlobal
