
Microsoft Visual Studio Solution File, Format Version 12.00
# Visual Studio Version 17
VisualStudioVersion = 17.0.31903.59
MinimumVisualStudioVersion = 10.0.40219.1
Project("{2150E333-8FDC-42A3-9474-1A3956D46DE8}") = "src", "src", "{1802B008-324D-40C3-A652-B8CF26E16DAD}"
EndProject
Project("{2150E333-8FDC-42A3-9474-1A3956D46DE8}") = "API", "API", "{D28041D4-326C-43DA-B595-111693E0F0C8}"
EndProject
Project("{9A19103F-16F7-4668-BE54-9A1E7A4F7556}") = "CQRS.API", "src\API\CQRS.API\CQRS.API.csproj", "{0E58E47A-401D-4F0F-94E2-E920B709CF3F}"
EndProject
Project("{9A19103F-16F7-4668-BE54-9A1E7A4F7556}") = "CQRS.Application", "src\API\CQRS.Application\CQRS.Application.csproj", "{E522E997-9299-4212-B2E0-5259AC4B30A9}"
EndProject
Project("{9A19103F-16F7-4668-BE54-9A1E7A4F7556}") = "CQRS.Domain", "src\API\CQRS.Domain\CQRS.Domain.csproj", "{53D9C92D-4E19-4EFC-BF94-5AFE657019A1}"
EndProject
Project("{9A19103F-16F7-4668-BE54-9A1E7A4F7556}") = "CQRS.Infrastructure", "src\API\CQRS.Infrastructure\CQRS.Infrastructure.csproj", "{5582EB53-937C-44F7-B567-2331E48806E0}"
EndProject
Project("{9A19103F-16F7-4668-BE54-9A1E7A4F7556}") = "CQRS.Infrastructure.MessageBus", "src\API\CQRS.Infrastructure.MessageBus\CQRS.Infrastructure.MessageBus.csproj", "{D90F9F08-95E4-4043-84F1-ED63B4D8810D}"
EndProject
Project("{9A19103F-16F7-4668-BE54-9A1E7A4F7556}") = "CQRS.Infrastructure.Mongo", "src\API\CQRS.Infrastructure.Mongo\CQRS.Infrastructure.Mongo.csproj", "{7A596D47-3B65-4243-B913-354037226445}"
EndProject
Project("{9A19103F-16F7-4668-BE54-9A1E7A4F7556}") = "CQRS.Persistence", "src\API\CQRS.Persistence\CQRS.Persistence.csproj", "{0B8BDB20-5DC6-4A42-9E7F-4C6D163F7320}"
EndProject
Project("{9A19103F-16F7-4668-BE54-9A1E7A4F7556}") = "CQRS.Contract", "src\CQRS.Contract\CQRS.Contract.csproj", "{703CDA85-AF4E-4D8C-A2B1-8881C484EA2E}"
EndProject
Project("{2150E333-8FDC-42A3-9474-1A3956D46DE8}") = "UI", "UI", "{1146CB20-E80F-485F-92C9-1B6DB7163E70}"
EndProject
Project("{9A19103F-16F7-4668-BE54-9A1E7A4F7556}") = "CQRS.AspNetUI", "src\UI\CQRS.AspNetUI\CQRS.AspNetUI.csproj", "{51F210BC-73F0-4082-8248-08100A8A7691}"
EndProject
Project("{2150E333-8FDC-42A3-9474-1A3956D46DE8}") = "WorkerSerivces", "WorkerSerivces", "{6646D64F-7BC8-4CAC-893F-12DD34C9EFE6}"
EndProject
Project("{9A19103F-16F7-4668-BE54-9A1E7A4F7556}") = "MMO.Application", "src\WorkerSerivces\MMO.Application\MMO.Application.csproj", "{74254E13-3A1F-4F82-A589-AB5A4D83B6B5}"
EndProject
Project("{9A19103F-16F7-4668-BE54-9A1E7A4F7556}") = "MMO.Infrastructure.OKX", "src\WorkerSerivces\MMO.Infrastructure.OKX\MMO.Infrastructure.OKX.csproj", "{F8F58822-6784-45F7-B060-4E03BD66CE91}"
EndProject
Project("{9A19103F-16F7-4668-BE54-9A1E7A4F7556}") = "MMO.Worker", "src\WorkerSerivces\MMO.Worker\MMO.Worker.csproj", "{36317A1A-A96C-4CD6-B04C-B1AA9D668EAC}"
EndProject
Project("{2150E333-8FDC-42A3-9474-1A3956D46DE8}") = "test", "test", "{727A24AF-A803-4CE9-8720-79BC17B93E85}"
EndProject
Project("{9A19103F-16F7-4668-BE54-9A1E7A4F7556}") = "CQRS.Benchmark.Test", "test\CQRS.Benchmark.Test\CQRS.Benchmark.Test.csproj", "{9111817E-B93E-45C3-84ED-51162B3F921D}"
EndProject
Project("{2150E333-8FDC-42A3-9474-1A3956D46DE8}") = "item", "item", "{89B90143-BAFA-41F1-BFFF-D0AE5BAC38A5}"
	ProjectSection(SolutionItems) = preProject
		README.md = README.md
	EndProjectSection
EndProject
Global
	GlobalSection(SolutionConfigurationPlatforms) = preSolution
		Debug|Any CPU = Debug|Any CPU
		Release|Any CPU = Release|Any CPU
	EndGlobalSection
	GlobalSection(ProjectConfigurationPlatforms) = postSolution
		{0E58E47A-401D-4F0F-94E2-E920B709CF3F}.Debug|Any CPU.ActiveCfg = Debug|Any CPU
		{0E58E47A-401D-4F0F-94E2-E920B709CF3F}.Debug|Any CPU.Build.0 = Debug|Any CPU
		{0E58E47A-401D-4F0F-94E2-E920B709CF3F}.Release|Any CPU.ActiveCfg = Release|Any CPU
		{0E58E47A-401D-4F0F-94E2-E920B709CF3F}.Release|Any CPU.Build.0 = Release|Any CPU
		{E522E997-9299-4212-B2E0-5259AC4B30A9}.Debug|Any CPU.ActiveCfg = Debug|Any CPU
		{E522E997-9299-4212-B2E0-5259AC4B30A9}.Debug|Any CPU.Build.0 = Debug|Any CPU
		{E522E997-9299-4212-B2E0-5259AC4B30A9}.Release|Any CPU.ActiveCfg = Release|Any CPU
		{E522E997-9299-4212-B2E0-5259AC4B30A9}.Release|Any CPU.Build.0 = Release|Any CPU
		{53D9C92D-4E19-4EFC-BF94-5AFE657019A1}.Debug|Any CPU.ActiveCfg = Debug|Any CPU
		{53D9C92D-4E19-4EFC-BF94-5AFE657019A1}.Debug|Any CPU.Build.0 = Debug|Any CPU
		{53D9C92D-4E19-4EFC-BF94-5AFE657019A1}.Release|Any CPU.ActiveCfg = Release|Any CPU
		{53D9C92D-4E19-4EFC-BF94-5AFE657019A1}.Release|Any CPU.Build.0 = Release|Any CPU
		{5582EB53-937C-44F7-B567-2331E48806E0}.Debug|Any CPU.ActiveCfg = Debug|Any CPU
		{5582EB53-937C-44F7-B567-2331E48806E0}.Debug|Any CPU.Build.0 = Debug|Any CPU
		{5582EB53-937C-44F7-B567-2331E48806E0}.Release|Any CPU.ActiveCfg = Release|Any CPU
		{5582EB53-937C-44F7-B567-2331E48806E0}.Release|Any CPU.Build.0 = Release|Any CPU
		{D90F9F08-95E4-4043-84F1-ED63B4D8810D}.Debug|Any CPU.ActiveCfg = Debug|Any CPU
		{D90F9F08-95E4-4043-84F1-ED63B4D8810D}.Debug|Any CPU.Build.0 = Debug|Any CPU
		{D90F9F08-95E4-4043-84F1-ED63B4D8810D}.Release|Any CPU.ActiveCfg = Release|Any CPU
		{D90F9F08-95E4-4043-84F1-ED63B4D8810D}.Release|Any CPU.Build.0 = Release|Any CPU
		{7A596D47-3B65-4243-B913-354037226445}.Debug|Any CPU.ActiveCfg = Debug|Any CPU
		{7A596D47-3B65-4243-B913-354037226445}.Debug|Any CPU.Build.0 = Debug|Any CPU
		{7A596D47-3B65-4243-B913-354037226445}.Release|Any CPU.ActiveCfg = Release|Any CPU
		{7A596D47-3B65-4243-B913-354037226445}.Release|Any CPU.Build.0 = Release|Any CPU
		{0B8BDB20-5DC6-4A42-9E7F-4C6D163F7320}.Debug|Any CPU.ActiveCfg = Debug|Any CPU
		{0B8BDB20-5DC6-4A42-9E7F-4C6D163F7320}.Debug|Any CPU.Build.0 = Debug|Any CPU
		{0B8BDB20-5DC6-4A42-9E7F-4C6D163F7320}.Release|Any CPU.ActiveCfg = Release|Any CPU
		{0B8BDB20-5DC6-4A42-9E7F-4C6D163F7320}.Release|Any CPU.Build.0 = Release|Any CPU
		{703CDA85-AF4E-4D8C-A2B1-8881C484EA2E}.Debug|Any CPU.ActiveCfg = Debug|Any CPU
		{703CDA85-AF4E-4D8C-A2B1-8881C484EA2E}.Debug|Any CPU.Build.0 = Debug|Any CPU
		{703CDA85-AF4E-4D8C-A2B1-8881C484EA2E}.Release|Any CPU.ActiveCfg = Release|Any CPU
		{703CDA85-AF4E-4D8C-A2B1-8881C484EA2E}.Release|Any CPU.Build.0 = Release|Any CPU
		{51F210BC-73F0-4082-8248-08100A8A7691}.Debug|Any CPU.ActiveCfg = Debug|Any CPU
		{51F210BC-73F0-4082-8248-08100A8A7691}.Debug|Any CPU.Build.0 = Debug|Any CPU
		{51F210BC-73F0-4082-8248-08100A8A7691}.Release|Any CPU.ActiveCfg = Release|Any CPU
		{51F210BC-73F0-4082-8248-08100A8A7691}.Release|Any CPU.Build.0 = Release|Any CPU
		{74254E13-3A1F-4F82-A589-AB5A4D83B6B5}.Debug|Any CPU.ActiveCfg = Debug|Any CPU
		{74254E13-3A1F-4F82-A589-AB5A4D83B6B5}.Debug|Any CPU.Build.0 = Debug|Any CPU
		{74254E13-3A1F-4F82-A589-AB5A4D83B6B5}.Release|Any CPU.ActiveCfg = Release|Any CPU
		{74254E13-3A1F-4F82-A589-AB5A4D83B6B5}.Release|Any CPU.Build.0 = Release|Any CPU
		{F8F58822-6784-45F7-B060-4E03BD66CE91}.Debug|Any CPU.ActiveCfg = Debug|Any CPU
		{F8F58822-6784-45F7-B060-4E03BD66CE91}.Debug|Any CPU.Build.0 = Debug|Any CPU
		{F8F58822-6784-45F7-B060-4E03BD66CE91}.Release|Any CPU.ActiveCfg = Release|Any CPU
		{F8F58822-6784-45F7-B060-4E03BD66CE91}.Release|Any CPU.Build.0 = Release|Any CPU
		{36317A1A-A96C-4CD6-B04C-B1AA9D668EAC}.Debug|Any CPU.ActiveCfg = Debug|Any CPU
		{36317A1A-A96C-4CD6-B04C-B1AA9D668EAC}.Debug|Any CPU.Build.0 = Debug|Any CPU
		{36317A1A-A96C-4CD6-B04C-B1AA9D668EAC}.Release|Any CPU.ActiveCfg = Release|Any CPU
		{36317A1A-A96C-4CD6-B04C-B1AA9D668EAC}.Release|Any CPU.Build.0 = Release|Any CPU
		{9111817E-B93E-45C3-84ED-51162B3F921D}.Debug|Any CPU.ActiveCfg = Debug|Any CPU
		{9111817E-B93E-45C3-84ED-51162B3F921D}.Debug|Any CPU.Build.0 = Debug|Any CPU
		{9111817E-B93E-45C3-84ED-51162B3F921D}.Release|Any CPU.ActiveCfg = Release|Any CPU
		{9111817E-B93E-45C3-84ED-51162B3F921D}.Release|Any CPU.Build.0 = Release|Any CPU
	EndGlobalSection
	GlobalSection(SolutionProperties) = preSolution
		HideSolutionNode = FALSE
	EndGlobalSection
	GlobalSection(NestedProjects) = preSolution
		{D28041D4-326C-43DA-B595-111693E0F0C8} = {1802B008-324D-40C3-A652-B8CF26E16DAD}
		{0E58E47A-401D-4F0F-94E2-E920B709CF3F} = {D28041D4-326C-43DA-B595-111693E0F0C8}
		{E522E997-9299-4212-B2E0-5259AC4B30A9} = {D28041D4-326C-43DA-B595-111693E0F0C8}
		{53D9C92D-4E19-4EFC-BF94-5AFE657019A1} = {D28041D4-326C-43DA-B595-111693E0F0C8}
		{5582EB53-937C-44F7-B567-2331E48806E0} = {D28041D4-326C-43DA-B595-111693E0F0C8}
		{D90F9F08-95E4-4043-84F1-ED63B4D8810D} = {D28041D4-326C-43DA-B595-111693E0F0C8}
		{7A596D47-3B65-4243-B913-354037226445} = {D28041D4-326C-43DA-B595-111693E0F0C8}
		{0B8BDB20-5DC6-4A42-9E7F-4C6D163F7320} = {D28041D4-326C-43DA-B595-111693E0F0C8}
		{703CDA85-AF4E-4D8C-A2B1-8881C484EA2E} = {1802B008-324D-40C3-A652-B8CF26E16DAD}
		{1146CB20-E80F-485F-92C9-1B6DB7163E70} = {1802B008-324D-40C3-A652-B8CF26E16DAD}
		{51F210BC-73F0-4082-8248-08100A8A7691} = {1146CB20-E80F-485F-92C9-1B6DB7163E70}
		{6646D64F-7BC8-4CAC-893F-12DD34C9EFE6} = {1802B008-324D-40C3-A652-B8CF26E16DAD}
		{74254E13-3A1F-4F82-A589-AB5A4D83B6B5} = {6646D64F-7BC8-4CAC-893F-12DD34C9EFE6}
		{F8F58822-6784-45F7-B060-4E03BD66CE91} = {6646D64F-7BC8-4CAC-893F-12DD34C9EFE6}
		{36317A1A-A96C-4CD6-B04C-B1AA9D668EAC} = {6646D64F-7BC8-4CAC-893F-12DD34C9EFE6}
		{9111817E-B93E-45C3-84ED-51162B3F921D} = {727A24AF-A803-4CE9-8720-79BC17B93E85}
	EndGlobalSection
	GlobalSection(ExtensibilityGlobals) = postSolution
		SolutionGuid = {52D68C4D-A275-4800-9BFD-047895D3F2A7}
	EndGlobalSection
EndGlobal
