
Microsoft Visual Studio Solution File, Format Version 12.00
# Visual Studio Version 17
VisualStudioVersion = 17.0.31903.59
MinimumVisualStudioVersion = 10.0.40219.1
Project("{2150E333-8FDC-42A3-9474-1A3956D46DE8}") = "src", "src", "{86F5C9BC-F29B-45C3-BAA6-F513C6CEB835}"
EndProject
Project("{9A19103F-16F7-4668-BE54-9A1E7A4F7556}") = "CQRS.Application", "src\CQRS.Application\CQRS.Application.csproj", "{E938DD2D-C2FC-429A-A446-263338876C87}"
EndProject
Project("{9A19103F-16F7-4668-BE54-9A1E7A4F7556}") = "CQRS.AspNetUI", "src\CQRS.AspNetUI\CQRS.AspNetUI.csproj", "{60D51F51-B76C-4A30-B6CD-D2A60A734384}"
EndProject
Project("{9A19103F-16F7-4668-BE54-9A1E7A4F7556}") = "CQRS.Contract", "src\CQRS.Contract\CQRS.Contract.csproj", "{6B289B2B-A2E9-4588-8EE7-5A16519FCAE4}"
EndProject
Project("{9A19103F-16F7-4668-BE54-9A1E7A4F7556}") = "CQRS.Domain", "src\CQRS.Domain\CQRS.Domain.csproj", "{D9FD21A1-373F-4E05-82C5-D07FDB4ED3F6}"
EndProject
Project("{9A19103F-16F7-4668-BE54-9A1E7A4F7556}") = "CQRS.Infrastructure", "src\CQRS.Infrastructure\CQRS.Infrastructure.csproj", "{AD933192-5A0B-4C51-98BB-F85A2E99FA80}"
EndProject
Project("{9A19103F-16F7-4668-BE54-9A1E7A4F7556}") = "CQRS.Infrastructure.MessageBus", "src\CQRS.Infrastructure.MessageBus\CQRS.Infrastructure.MessageBus.csproj", "{50F9DDCF-EB0A-4246-8CC7-EDB1F94A4569}"
EndProject
Project("{9A19103F-16F7-4668-BE54-9A1E7A4F7556}") = "CQRS.Infrastructure.Mongo", "src\CQRS.Infrastructure.Mongo\CQRS.Infrastructure.Mongo.csproj", "{D1FE9D6B-962B-491B-912C-DFC47F59AB64}"
EndProject
Project("{9A19103F-16F7-4668-BE54-9A1E7A4F7556}") = "CQRS.Persistence", "src\CQRS.Persistence\CQRS.Persistence.csproj", "{48E5BF40-5053-4EAF-AD9B-8845A17F3574}"
EndProject
Project("{9A19103F-16F7-4668-BE54-9A1E7A4F7556}") = "MMO.Application", "src\MMO.Application\MMO.Application.csproj", "{0DE87412-97A3-488F-BA1D-1B665623BBA0}"
EndProject
Project("{9A19103F-16F7-4668-BE54-9A1E7A4F7556}") = "MMO.Infrastructure.OKX", "src\MMO.Infrastructure.OKX\MMO.Infrastructure.OKX.csproj", "{A35CC11E-395C-4F31-B760-CD4E0EFC39DD}"
EndProject
Project("{9A19103F-16F7-4668-BE54-9A1E7A4F7556}") = "MMO.Worker", "src\MMO.Worker\MMO.Worker.csproj", "{7D28515C-6D6F-487E-B9B4-7759FC8F6649}"
EndProject
Project("{2150E333-8FDC-42A3-9474-1A3956D46DE8}") = "test", "test", "{DEEBED73-46F2-441F-9913-E5715A6B7764}"
EndProject
Project("{2150E333-8FDC-42A3-9474-1A3956D46DE8}") = "Items", "Items", "{AA2930D8-F2A1-4BB9-9407-660B70A086A5}"
	ProjectSection(SolutionItems) = preProject
		README.md = README.md
	EndProjectSection
EndProject
Project("{9A19103F-16F7-4668-BE54-9A1E7A4F7556}") = "CQRS.API", "src\CQRS.API\CQRS.API.csproj", "{9F723179-74CF-4690-B399-11E87D4F1771}"
EndProject
Project("{2150E333-8FDC-42A3-9474-1A3956D46DE8}") = "API", "API", "{A9093A93-6CC4-48A2-9FBB-54D04E7595B9}"
EndProject
Project("{2150E333-8FDC-42A3-9474-1A3956D46DE8}") = "UI", "UI", "{693A9EE5-3462-4446-9280-8775DE19A98F}"
EndProject
Project("{2150E333-8FDC-42A3-9474-1A3956D46DE8}") = "WorkerService", "WorkerService", "{7527FF96-CC88-47D1-965F-B7C9735CD0C0}"
EndProject
Global
	GlobalSection(SolutionConfigurationPlatforms) = preSolution
		Debug|Any CPU = Debug|Any CPU
		Release|Any CPU = Release|Any CPU
	EndGlobalSection
	GlobalSection(ProjectConfigurationPlatforms) = postSolution
		{E938DD2D-C2FC-429A-A446-263338876C87}.Debug|Any CPU.ActiveCfg = Debug|Any CPU
		{E938DD2D-C2FC-429A-A446-263338876C87}.Debug|Any CPU.Build.0 = Debug|Any CPU
		{E938DD2D-C2FC-429A-A446-263338876C87}.Release|Any CPU.ActiveCfg = Release|Any CPU
		{E938DD2D-C2FC-429A-A446-263338876C87}.Release|Any CPU.Build.0 = Release|Any CPU
		{60D51F51-B76C-4A30-B6CD-D2A60A734384}.Debug|Any CPU.ActiveCfg = Debug|Any CPU
		{60D51F51-B76C-4A30-B6CD-D2A60A734384}.Debug|Any CPU.Build.0 = Debug|Any CPU
		{60D51F51-B76C-4A30-B6CD-D2A60A734384}.Release|Any CPU.ActiveCfg = Release|Any CPU
		{60D51F51-B76C-4A30-B6CD-D2A60A734384}.Release|Any CPU.Build.0 = Release|Any CPU
		{6B289B2B-A2E9-4588-8EE7-5A16519FCAE4}.Debug|Any CPU.ActiveCfg = Debug|Any CPU
		{6B289B2B-A2E9-4588-8EE7-5A16519FCAE4}.Debug|Any CPU.Build.0 = Debug|Any CPU
		{6B289B2B-A2E9-4588-8EE7-5A16519FCAE4}.Release|Any CPU.ActiveCfg = Release|Any CPU
		{6B289B2B-A2E9-4588-8EE7-5A16519FCAE4}.Release|Any CPU.Build.0 = Release|Any CPU
		{D9FD21A1-373F-4E05-82C5-D07FDB4ED3F6}.Debug|Any CPU.ActiveCfg = Debug|Any CPU
		{D9FD21A1-373F-4E05-82C5-D07FDB4ED3F6}.Debug|Any CPU.Build.0 = Debug|Any CPU
		{D9FD21A1-373F-4E05-82C5-D07FDB4ED3F6}.Release|Any CPU.ActiveCfg = Release|Any CPU
		{D9FD21A1-373F-4E05-82C5-D07FDB4ED3F6}.Release|Any CPU.Build.0 = Release|Any CPU
		{AD933192-5A0B-4C51-98BB-F85A2E99FA80}.Debug|Any CPU.ActiveCfg = Debug|Any CPU
		{AD933192-5A0B-4C51-98BB-F85A2E99FA80}.Debug|Any CPU.Build.0 = Debug|Any CPU
		{AD933192-5A0B-4C51-98BB-F85A2E99FA80}.Release|Any CPU.ActiveCfg = Release|Any CPU
		{AD933192-5A0B-4C51-98BB-F85A2E99FA80}.Release|Any CPU.Build.0 = Release|Any CPU
		{50F9DDCF-EB0A-4246-8CC7-EDB1F94A4569}.Debug|Any CPU.ActiveCfg = Debug|Any CPU
		{50F9DDCF-EB0A-4246-8CC7-EDB1F94A4569}.Debug|Any CPU.Build.0 = Debug|Any CPU
		{50F9DDCF-EB0A-4246-8CC7-EDB1F94A4569}.Release|Any CPU.ActiveCfg = Release|Any CPU
		{50F9DDCF-EB0A-4246-8CC7-EDB1F94A4569}.Release|Any CPU.Build.0 = Release|Any CPU
		{D1FE9D6B-962B-491B-912C-DFC47F59AB64}.Debug|Any CPU.ActiveCfg = Debug|Any CPU
		{D1FE9D6B-962B-491B-912C-DFC47F59AB64}.Debug|Any CPU.Build.0 = Debug|Any CPU
		{D1FE9D6B-962B-491B-912C-DFC47F59AB64}.Release|Any CPU.ActiveCfg = Release|Any CPU
		{D1FE9D6B-962B-491B-912C-DFC47F59AB64}.Release|Any CPU.Build.0 = Release|Any CPU
		{48E5BF40-5053-4EAF-AD9B-8845A17F3574}.Debug|Any CPU.ActiveCfg = Debug|Any CPU
		{48E5BF40-5053-4EAF-AD9B-8845A17F3574}.Debug|Any CPU.Build.0 = Debug|Any CPU
		{48E5BF40-5053-4EAF-AD9B-8845A17F3574}.Release|Any CPU.ActiveCfg = Release|Any CPU
		{48E5BF40-5053-4EAF-AD9B-8845A17F3574}.Release|Any CPU.Build.0 = Release|Any CPU
		{0DE87412-97A3-488F-BA1D-1B665623BBA0}.Debug|Any CPU.ActiveCfg = Debug|Any CPU
		{0DE87412-97A3-488F-BA1D-1B665623BBA0}.Debug|Any CPU.Build.0 = Debug|Any CPU
		{0DE87412-97A3-488F-BA1D-1B665623BBA0}.Release|Any CPU.ActiveCfg = Release|Any CPU
		{0DE87412-97A3-488F-BA1D-1B665623BBA0}.Release|Any CPU.Build.0 = Release|Any CPU
		{A35CC11E-395C-4F31-B760-CD4E0EFC39DD}.Debug|Any CPU.ActiveCfg = Debug|Any CPU
		{A35CC11E-395C-4F31-B760-CD4E0EFC39DD}.Debug|Any CPU.Build.0 = Debug|Any CPU
		{A35CC11E-395C-4F31-B760-CD4E0EFC39DD}.Release|Any CPU.ActiveCfg = Release|Any CPU
		{A35CC11E-395C-4F31-B760-CD4E0EFC39DD}.Release|Any CPU.Build.0 = Release|Any CPU
		{7D28515C-6D6F-487E-B9B4-7759FC8F6649}.Debug|Any CPU.ActiveCfg = Debug|Any CPU
		{7D28515C-6D6F-487E-B9B4-7759FC8F6649}.Debug|Any CPU.Build.0 = Debug|Any CPU
		{7D28515C-6D6F-487E-B9B4-7759FC8F6649}.Release|Any CPU.ActiveCfg = Release|Any CPU
		{7D28515C-6D6F-487E-B9B4-7759FC8F6649}.Release|Any CPU.Build.0 = Release|Any CPU
		{9F723179-74CF-4690-B399-11E87D4F1771}.Debug|Any CPU.ActiveCfg = Debug|Any CPU
		{9F723179-74CF-4690-B399-11E87D4F1771}.Debug|Any CPU.Build.0 = Debug|Any CPU
		{9F723179-74CF-4690-B399-11E87D4F1771}.Release|Any CPU.ActiveCfg = Release|Any CPU
		{9F723179-74CF-4690-B399-11E87D4F1771}.Release|Any CPU.Build.0 = Release|Any CPU
	EndGlobalSection
	GlobalSection(SolutionProperties) = preSolution
		HideSolutionNode = FALSE
	EndGlobalSection
	GlobalSection(NestedProjects) = preSolution
		{E938DD2D-C2FC-429A-A446-263338876C87} = {A9093A93-6CC4-48A2-9FBB-54D04E7595B9}
		{60D51F51-B76C-4A30-B6CD-D2A60A734384} = {693A9EE5-3462-4446-9280-8775DE19A98F}
		{6B289B2B-A2E9-4588-8EE7-5A16519FCAE4} = {86F5C9BC-F29B-45C3-BAA6-F513C6CEB835}
		{D9FD21A1-373F-4E05-82C5-D07FDB4ED3F6} = {A9093A93-6CC4-48A2-9FBB-54D04E7595B9}
		{AD933192-5A0B-4C51-98BB-F85A2E99FA80} = {A9093A93-6CC4-48A2-9FBB-54D04E7595B9}
		{50F9DDCF-EB0A-4246-8CC7-EDB1F94A4569} = {A9093A93-6CC4-48A2-9FBB-54D04E7595B9}
		{D1FE9D6B-962B-491B-912C-DFC47F59AB64} = {A9093A93-6CC4-48A2-9FBB-54D04E7595B9}
		{48E5BF40-5053-4EAF-AD9B-8845A17F3574} = {A9093A93-6CC4-48A2-9FBB-54D04E7595B9}
		{0DE87412-97A3-488F-BA1D-1B665623BBA0} = {7527FF96-CC88-47D1-965F-B7C9735CD0C0}
		{A35CC11E-395C-4F31-B760-CD4E0EFC39DD} = {7527FF96-CC88-47D1-965F-B7C9735CD0C0}
		{7D28515C-6D6F-487E-B9B4-7759FC8F6649} = {7527FF96-CC88-47D1-965F-B7C9735CD0C0}
		{9F723179-74CF-4690-B399-11E87D4F1771} = {A9093A93-6CC4-48A2-9FBB-54D04E7595B9}
		{A9093A93-6CC4-48A2-9FBB-54D04E7595B9} = {86F5C9BC-F29B-45C3-BAA6-F513C6CEB835}
		{693A9EE5-3462-4446-9280-8775DE19A98F} = {86F5C9BC-F29B-45C3-BAA6-F513C6CEB835}
		{7527FF96-CC88-47D1-965F-B7C9735CD0C0} = {86F5C9BC-F29B-45C3-BAA6-F513C6CEB835}
	EndGlobalSection
	GlobalSection(ExtensibilityGlobals) = postSolution
		SolutionGuid = {3FF9E893-4C5E-49F3-AD48-44BFEBDC9DF5}
	EndGlobalSection
EndGlobal
